
Microsoft Visual Studio Solution File, Format Version 12.00
# Visual Studio Version 17
VisualStudioVersion = 17.5.002.0
MinimumVisualStudioVersion = 10.0.40219.1
Project("{9A19103F-16F7-4668-BE54-9A1E7A4F7556}") = "OrderEventProcessor", "OrderEventProcessor\OrderEventProcessor.csproj", "{75F85263-F197-48C0-A032-05D63E17747A}"
EndProject
Global
	GlobalSection(SolutionConfigurationPlatforms) = preSolution
		Debug|Any CPU = Debug|Any CPU
		Release|Any CPU = Release|Any CPU
	EndGlobalSection
	GlobalSection(ProjectConfigurationPlatforms) = postSolution
		{75F85263-F197-48C0-A032-05D63E17747A}.Debug|Any CPU.ActiveCfg = Debug|Any CPU
		{75F85263-F197-48C0-A032-05D63E17747A}.Debug|Any CPU.Build.0 = Debug|Any CPU
		{75F85263-F197-48C0-A032-05D63E17747A}.Release|Any CPU.ActiveCfg = Release|Any CPU
		{75F85263-F197-48C0-A032-05D63E17747A}.Release|Any CPU.Build.0 = Release|Any CPU
	EndGlobalSection
	GlobalSection(SolutionProperties) = preSolution
		HideSolutionNode = FALSE
	EndGlobalSection
	GlobalSection(ExtensibilityGlobals) = postSolution
		SolutionGuid = {6E22484B-DA41-4F80-940C-A74A3FA53DBA}
	EndGlobalSection
EndGlobal
